// !$*UTF8*$!
{
	archiveVersion = 1;
	classes = {
	};
	objectVersion = 55;
	objects = {

/* Begin PBXBuildFile section */
		FB117FE9272009A400E19329 /* Singleton.swift in Sources */ = {isa = PBXBuildFile; fileRef = FB117FE8272009A400E19329 /* Singleton.swift */; };
		FB117FED2720215C00E19329 /* OngoingDetailUserUIView.swift in Sources */ = {isa = PBXBuildFile; fileRef = FB117FEC2720215C00E19329 /* OngoingDetailUserUIView.swift */; };
		FB117FEF2720224700E19329 /* OngoingDetailNotUserUIView.swift in Sources */ = {isa = PBXBuildFile; fileRef = FB117FEE2720224700E19329 /* OngoingDetailNotUserUIView.swift */; };
		FB117FF12720248700E19329 /* ExpiredDetailUIView.swift in Sources */ = {isa = PBXBuildFile; fileRef = FB117FF02720248700E19329 /* ExpiredDetailUIView.swift */; };
		FB117FF52720265700E19329 /* VotedDetailUIView.swift in Sources */ = {isa = PBXBuildFile; fileRef = FB117FF42720265700E19329 /* VotedDetailUIView.swift */; };
		FB117FF72720AAD300E19329 /* CardViewOngoingUIView.swift in Sources */ = {isa = PBXBuildFile; fileRef = FB117FF62720AAD300E19329 /* CardViewOngoingUIView.swift */; };
		FB117FF92720AC6E00E19329 /* CardViewExpiredUIView.swift in Sources */ = {isa = PBXBuildFile; fileRef = FB117FF82720AC6E00E19329 /* CardViewExpiredUIView.swift */; };
		FB117FFB2720ADA900E19329 /* CardViewVotedUIView.swift in Sources */ = {isa = PBXBuildFile; fileRef = FB117FFA2720ADA900E19329 /* CardViewVotedUIView.swift */; };
		FB117FFD2720B01000E19329 /* CardViewNews.swift in Sources */ = {isa = PBXBuildFile; fileRef = FB117FFC2720B01000E19329 /* CardViewNews.swift */; };
		FB117FFF2720B0E200E19329 /* DetailNewsUIView.swift in Sources */ = {isa = PBXBuildFile; fileRef = FB117FFE2720B0E200E19329 /* DetailNewsUIView.swift */; };
		FB2228C727214F12007062D8 /* PollMemory.swift in Sources */ = {isa = PBXBuildFile; fileRef = FB2228C627214F12007062D8 /* PollMemory.swift */; };
		FBA7E92927171F7200F6C4A5 /* iChooseProvaApp.swift in Sources */ = {isa = PBXBuildFile; fileRef = FBA7E92827171F7200F6C4A5 /* iChooseProvaApp.swift */; };
		FBA7E92B27171F7200F6C4A5 /* ContentView.swift in Sources */ = {isa = PBXBuildFile; fileRef = FBA7E92A27171F7200F6C4A5 /* ContentView.swift */; };
		FBA7E92D27171F7400F6C4A5 /* Assets.xcassets in Resources */ = {isa = PBXBuildFile; fileRef = FBA7E92C27171F7400F6C4A5 /* Assets.xcassets */; };
		FBA7E93027171F7400F6C4A5 /* Preview Assets.xcassets in Resources */ = {isa = PBXBuildFile; fileRef = FBA7E92F27171F7400F6C4A5 /* Preview Assets.xcassets */; };
		FBA7E93727171FC400F6C4A5 /* NewsUIView.swift in Sources */ = {isa = PBXBuildFile; fileRef = FBA7E93627171FC400F6C4A5 /* NewsUIView.swift */; };
		FBA7E9392717271A00F6C4A5 /* TabUIView.swift in Sources */ = {isa = PBXBuildFile; fileRef = FBA7E9382717271A00F6C4A5 /* TabUIView.swift */; };
		FBBBFE63271D5D9400B019EB /* PollsUIView.swift in Sources */ = {isa = PBXBuildFile; fileRef = FBBBFE62271D5D9400B019EB /* PollsUIView.swift */; };
/* End PBXBuildFile section */

/* Begin PBXFileReference section */
		FB117FE8272009A400E19329 /* Singleton.swift */ = {isa = PBXFileReference; lastKnownFileType = sourcecode.swift; path = Singleton.swift; sourceTree = "<group>"; };
		FB117FEC2720215C00E19329 /* OngoingDetailUserUIView.swift */ = {isa = PBXFileReference; lastKnownFileType = sourcecode.swift; path = OngoingDetailUserUIView.swift; sourceTree = "<group>"; };
		FB117FEE2720224700E19329 /* OngoingDetailNotUserUIView.swift */ = {isa = PBXFileReference; lastKnownFileType = sourcecode.swift; path = OngoingDetailNotUserUIView.swift; sourceTree = "<group>"; };
		FB117FF02720248700E19329 /* ExpiredDetailUIView.swift */ = {isa = PBXFileReference; lastKnownFileType = sourcecode.swift; path = ExpiredDetailUIView.swift; sourceTree = "<group>"; };
		FB117FF42720265700E19329 /* VotedDetailUIView.swift */ = {isa = PBXFileReference; lastKnownFileType = sourcecode.swift; path = VotedDetailUIView.swift; sourceTree = "<group>"; };
		FB117FF62720AAD300E19329 /* CardViewOngoingUIView.swift */ = {isa = PBXFileReference; lastKnownFileType = sourcecode.swift; path = CardViewOngoingUIView.swift; sourceTree = "<group>"; };
		FB117FF82720AC6E00E19329 /* CardViewExpiredUIView.swift */ = {isa = PBXFileReference; lastKnownFileType = sourcecode.swift; path = CardViewExpiredUIView.swift; sourceTree = "<group>"; };
		FB117FFA2720ADA900E19329 /* CardViewVotedUIView.swift */ = {isa = PBXFileReference; lastKnownFileType = sourcecode.swift; path = CardViewVotedUIView.swift; sourceTree = "<group>"; };
		FB117FFC2720B01000E19329 /* CardViewNews.swift */ = {isa = PBXFileReference; lastKnownFileType = sourcecode.swift; path = CardViewNews.swift; sourceTree = "<group>"; };
		FB117FFE2720B0E200E19329 /* DetailNewsUIView.swift */ = {isa = PBXFileReference; lastKnownFileType = sourcecode.swift; path = DetailNewsUIView.swift; sourceTree = "<group>"; };
		FB2228C627214F12007062D8 /* PollMemory.swift */ = {isa = PBXFileReference; lastKnownFileType = sourcecode.swift; path = PollMemory.swift; sourceTree = "<group>"; };
		FBA7E92527171F7200F6C4A5 /* iChooseProva.app */ = {isa = PBXFileReference; explicitFileType = wrapper.application; includeInIndex = 0; path = iChooseProva.app; sourceTree = BUILT_PRODUCTS_DIR; };
		FBA7E92827171F7200F6C4A5 /* iChooseProvaApp.swift */ = {isa = PBXFileReference; lastKnownFileType = sourcecode.swift; path = iChooseProvaApp.swift; sourceTree = "<group>"; };
		FBA7E92A27171F7200F6C4A5 /* ContentView.swift */ = {isa = PBXFileReference; lastKnownFileType = sourcecode.swift; path = ContentView.swift; sourceTree = "<group>"; };
		FBA7E92C27171F7400F6C4A5 /* Assets.xcassets */ = {isa = PBXFileReference; lastKnownFileType = folder.assetcatalog; path = Assets.xcassets; sourceTree = "<group>"; };
		FBA7E92F27171F7400F6C4A5 /* Preview Assets.xcassets */ = {isa = PBXFileReference; lastKnownFileType = folder.assetcatalog; path = "Preview Assets.xcassets"; sourceTree = "<group>"; };
		FBA7E93627171FC400F6C4A5 /* NewsUIView.swift */ = {isa = PBXFileReference; lastKnownFileType = sourcecode.swift; path = NewsUIView.swift; sourceTree = "<group>"; };
		FBA7E9382717271A00F6C4A5 /* TabUIView.swift */ = {isa = PBXFileReference; lastKnownFileType = sourcecode.swift; path = TabUIView.swift; sourceTree = "<group>"; };
		FBBBFE62271D5D9400B019EB /* PollsUIView.swift */ = {isa = PBXFileReference; lastKnownFileType = sourcecode.swift; path = PollsUIView.swift; sourceTree = "<group>"; };
/* End PBXFileReference section */

/* Begin PBXFrameworksBuildPhase section */
		FBA7E92227171F7200F6C4A5 /* Frameworks */ = {
			isa = PBXFrameworksBuildPhase;
			buildActionMask = 2147483647;
			files = (
			);
			runOnlyForDeploymentPostprocessing = 0;
		};
/* End PBXFrameworksBuildPhase section */

/* Begin PBXGroup section */
		FBA7E91C27171F7200F6C4A5 = {
			isa = PBXGroup;
			children = (
				FBA7E92727171F7200F6C4A5 /* iChooseProva */,
				FBA7E92627171F7200F6C4A5 /* Products */,
			);
			sourceTree = "<group>";
		};
		FBA7E92627171F7200F6C4A5 /* Products */ = {
			isa = PBXGroup;
			children = (
				FBA7E92527171F7200F6C4A5 /* iChooseProva.app */,
			);
			name = Products;
			sourceTree = "<group>";
		};
		FBA7E92727171F7200F6C4A5 /* iChooseProva */ = {
			isa = PBXGroup;
			children = (
				FBBBFE62271D5D9400B019EB /* PollsUIView.swift */,
				FB117FFA2720ADA900E19329 /* CardViewVotedUIView.swift */,
				FB117FF82720AC6E00E19329 /* CardViewExpiredUIView.swift */,
				FB117FF62720AAD300E19329 /* CardViewOngoingUIView.swift */,
				FB117FF02720248700E19329 /* ExpiredDetailUIView.swift */,
				FB117FF42720265700E19329 /* VotedDetailUIView.swift */,
				FB117FEE2720224700E19329 /* OngoingDetailNotUserUIView.swift */,
				FB117FEC2720215C00E19329 /* OngoingDetailUserUIView.swift */,
				FB117FE8272009A400E19329 /* Singleton.swift */,
				FB2228C627214F12007062D8 /* PollMemory.swift */,
				FBA7E92827171F7200F6C4A5 /* iChooseProvaApp.swift */,
				FBA7E92A27171F7200F6C4A5 /* ContentView.swift */,
				FBA7E93627171FC400F6C4A5 /* NewsUIView.swift */,
				FB117FFE2720B0E200E19329 /* DetailNewsUIView.swift */,
				FB117FFC2720B01000E19329 /* CardViewNews.swift */,
				FBA7E9382717271A00F6C4A5 /* TabUIView.swift */,
				FBA7E92C27171F7400F6C4A5 /* Assets.xcassets */,
				FBA7E92E27171F7400F6C4A5 /* Preview Content */,
			);
			path = iChooseProva;
			sourceTree = "<group>";
		};
		FBA7E92E27171F7400F6C4A5 /* Preview Content */ = {
			isa = PBXGroup;
			children = (
				FBA7E92F27171F7400F6C4A5 /* Preview Assets.xcassets */,
			);
			path = "Preview Content";
			sourceTree = "<group>";
		};
/* End PBXGroup section */

/* Begin PBXNativeTarget section */
		FBA7E92427171F7200F6C4A5 /* iChooseProva */ = {
			isa = PBXNativeTarget;
			buildConfigurationList = FBA7E93327171F7400F6C4A5 /* Build configuration list for PBXNativeTarget "iChooseProva" */;
			buildPhases = (
				FBA7E92127171F7200F6C4A5 /* Sources */,
				FBA7E92227171F7200F6C4A5 /* Frameworks */,
				FBA7E92327171F7200F6C4A5 /* Resources */,
			);
			buildRules = (
			);
			dependencies = (
			);
			name = iChooseProva;
			productName = iChooseProva;
			productReference = FBA7E92527171F7200F6C4A5 /* iChooseProva.app */;
			productType = "com.apple.product-type.application";
		};
/* End PBXNativeTarget section */

/* Begin PBXProject section */
		FBA7E91D27171F7200F6C4A5 /* Project object */ = {
			isa = PBXProject;
			attributes = {
				BuildIndependentTargetsInParallel = 1;
				LastSwiftUpdateCheck = 1300;
				LastUpgradeCheck = 1300;
				TargetAttributes = {
					FBA7E92427171F7200F6C4A5 = {
						CreatedOnToolsVersion = 13.0;
					};
				};
			};
			buildConfigurationList = FBA7E92027171F7200F6C4A5 /* Build configuration list for PBXProject "iChooseProva" */;
			compatibilityVersion = "Xcode 13.0";
			developmentRegion = en;
			hasScannedForEncodings = 0;
			knownRegions = (
				en,
				Base,
			);
			mainGroup = FBA7E91C27171F7200F6C4A5;
			productRefGroup = FBA7E92627171F7200F6C4A5 /* Products */;
			projectDirPath = "";
			projectRoot = "";
			targets = (
				FBA7E92427171F7200F6C4A5 /* iChooseProva */,
			);
		};
/* End PBXProject section */

/* Begin PBXResourcesBuildPhase section */
		FBA7E92327171F7200F6C4A5 /* Resources */ = {
			isa = PBXResourcesBuildPhase;
			buildActionMask = 2147483647;
			files = (
				FBA7E93027171F7400F6C4A5 /* Preview Assets.xcassets in Resources */,
				FBA7E92D27171F7400F6C4A5 /* Assets.xcassets in Resources */,
			);
			runOnlyForDeploymentPostprocessing = 0;
		};
/* End PBXResourcesBuildPhase section */

/* Begin PBXSourcesBuildPhase section */
		FBA7E92127171F7200F6C4A5 /* Sources */ = {
			isa = PBXSourcesBuildPhase;
			buildActionMask = 2147483647;
			files = (
				FBA7E92B27171F7200F6C4A5 /* ContentView.swift in Sources */,
				FB117FF92720AC6E00E19329 /* CardViewExpiredUIView.swift in Sources */,
				FB117FE9272009A400E19329 /* Singleton.swift in Sources */,
				FB117FF12720248700E19329 /* ExpiredDetailUIView.swift in Sources */,
				FB117FFF2720B0E200E19329 /* DetailNewsUIView.swift in Sources */,
				FB117FF52720265700E19329 /* VotedDetailUIView.swift in Sources */,
				FB117FFD2720B01000E19329 /* CardViewNews.swift in Sources */,
				FBA7E92927171F7200F6C4A5 /* iChooseProvaApp.swift in Sources */,
				FB117FF72720AAD300E19329 /* CardViewOngoingUIView.swift in Sources */,
				FB117FFB2720ADA900E19329 /* CardViewVotedUIView.swift in Sources */,
				FBBBFE63271D5D9400B019EB /* PollsUIView.swift in Sources */,
				FB2228C727214F12007062D8 /* PollMemory.swift in Sources */,
				FBA7E9392717271A00F6C4A5 /* TabUIView.swift in Sources */,
				FB117FEF2720224700E19329 /* OngoingDetailNotUserUIView.swift in Sources */,
				FBA7E93727171FC400F6C4A5 /* NewsUIView.swift in Sources */,
				FB117FED2720215C00E19329 /* OngoingDetailUserUIView.swift in Sources */,
			);
			runOnlyForDeploymentPostprocessing = 0;
		};
/* End PBXSourcesBuildPhase section */

/* Begin XCBuildConfiguration section */
		FBA7E93127171F7400F6C4A5 /* Debug */ = {
			isa = XCBuildConfiguration;
			buildSettings = {
				ALWAYS_SEARCH_USER_PATHS = NO;
				CLANG_ANALYZER_NONNULL = YES;
				CLANG_ANALYZER_NUMBER_OBJECT_CONVERSION = YES_AGGRESSIVE;
				CLANG_CXX_LANGUAGE_STANDARD = "gnu++17";
				CLANG_CXX_LIBRARY = "libc++";
				CLANG_ENABLE_MODULES = YES;
				CLANG_ENABLE_OBJC_ARC = YES;
				CLANG_ENABLE_OBJC_WEAK = YES;
				CLANG_WARN_BLOCK_CAPTURE_AUTORELEASING = YES;
				CLANG_WARN_BOOL_CONVERSION = YES;
				CLANG_WARN_COMMA = YES;
				CLANG_WARN_CONSTANT_CONVERSION = YES;
				CLANG_WARN_DEPRECATED_OBJC_IMPLEMENTATIONS = YES;
				CLANG_WARN_DIRECT_OBJC_ISA_USAGE = YES_ERROR;
				CLANG_WARN_DOCUMENTATION_COMMENTS = YES;
				CLANG_WARN_EMPTY_BODY = YES;
				CLANG_WARN_ENUM_CONVERSION = YES;
				CLANG_WARN_INFINITE_RECURSION = YES;
				CLANG_WARN_INT_CONVERSION = YES;
				CLANG_WARN_NON_LITERAL_NULL_CONVERSION = YES;
				CLANG_WARN_OBJC_IMPLICIT_RETAIN_SELF = YES;
				CLANG_WARN_OBJC_LITERAL_CONVERSION = YES;
				CLANG_WARN_OBJC_ROOT_CLASS = YES_ERROR;
				CLANG_WARN_QUOTED_INCLUDE_IN_FRAMEWORK_HEADER = YES;
				CLANG_WARN_RANGE_LOOP_ANALYSIS = YES;
				CLANG_WARN_STRICT_PROTOTYPES = YES;
				CLANG_WARN_SUSPICIOUS_MOVE = YES;
				CLANG_WARN_UNGUARDED_AVAILABILITY = YES_AGGRESSIVE;
				CLANG_WARN_UNREACHABLE_CODE = YES;
				CLANG_WARN__DUPLICATE_METHOD_MATCH = YES;
				COPY_PHASE_STRIP = NO;
				DEBUG_INFORMATION_FORMAT = dwarf;
				ENABLE_STRICT_OBJC_MSGSEND = YES;
				ENABLE_TESTABILITY = YES;
				GCC_C_LANGUAGE_STANDARD = gnu11;
				GCC_DYNAMIC_NO_PIC = NO;
				GCC_NO_COMMON_BLOCKS = YES;
				GCC_OPTIMIZATION_LEVEL = 0;
				GCC_PREPROCESSOR_DEFINITIONS = (
					"DEBUG=1",
					"$(inherited)",
				);
				GCC_WARN_64_TO_32_BIT_CONVERSION = YES;
				GCC_WARN_ABOUT_RETURN_TYPE = YES_ERROR;
				GCC_WARN_UNDECLARED_SELECTOR = YES;
				GCC_WARN_UNINITIALIZED_AUTOS = YES_AGGRESSIVE;
				GCC_WARN_UNUSED_FUNCTION = YES;
				GCC_WARN_UNUSED_VARIABLE = YES;
				IPHONEOS_DEPLOYMENT_TARGET = 15.0;
				MTL_ENABLE_DEBUG_INFO = INCLUDE_SOURCE;
				MTL_FAST_MATH = YES;
				ONLY_ACTIVE_ARCH = YES;
				SDKROOT = iphoneos;
				SWIFT_ACTIVE_COMPILATION_CONDITIONS = DEBUG;
				SWIFT_OPTIMIZATION_LEVEL = "-Onone";
			};
			name = Debug;
		};
		FBA7E93227171F7400F6C4A5 /* Release */ = {
			isa = XCBuildConfiguration;
			buildSettings = {
				ALWAYS_SEARCH_USER_PATHS = NO;
				CLANG_ANALYZER_NONNULL = YES;
				CLANG_ANALYZER_NUMBER_OBJECT_CONVERSION = YES_AGGRESSIVE;
				CLANG_CXX_LANGUAGE_STANDARD = "gnu++17";
				CLANG_CXX_LIBRARY = "libc++";
				CLANG_ENABLE_MODULES = YES;
				CLANG_ENABLE_OBJC_ARC = YES;
				CLANG_ENABLE_OBJC_WEAK = YES;
				CLANG_WARN_BLOCK_CAPTURE_AUTORELEASING = YES;
				CLANG_WARN_BOOL_CONVERSION = YES;
				CLANG_WARN_COMMA = YES;
				CLANG_WARN_CONSTANT_CONVERSION = YES;
				CLANG_WARN_DEPRECATED_OBJC_IMPLEMENTATIONS = YES;
				CLANG_WARN_DIRECT_OBJC_ISA_USAGE = YES_ERROR;
				CLANG_WARN_DOCUMENTATION_COMMENTS = YES;
				CLANG_WARN_EMPTY_BODY = YES;
				CLANG_WARN_ENUM_CONVERSION = YES;
				CLANG_WARN_INFINITE_RECURSION = YES;
				CLANG_WARN_INT_CONVERSION = YES;
				CLANG_WARN_NON_LITERAL_NULL_CONVERSION = YES;
				CLANG_WARN_OBJC_IMPLICIT_RETAIN_SELF = YES;
				CLANG_WARN_OBJC_LITERAL_CONVERSION = YES;
				CLANG_WARN_OBJC_ROOT_CLASS = YES_ERROR;
				CLANG_WARN_QUOTED_INCLUDE_IN_FRAMEWORK_HEADER = YES;
				CLANG_WARN_RANGE_LOOP_ANALYSIS = YES;
				CLANG_WARN_STRICT_PROTOTYPES = YES;
				CLANG_WARN_SUSPICIOUS_MOVE = YES;
				CLANG_WARN_UNGUARDED_AVAILABILITY = YES_AGGRESSIVE;
				CLANG_WARN_UNREACHABLE_CODE = YES;
				CLANG_WARN__DUPLICATE_METHOD_MATCH = YES;
				COPY_PHASE_STRIP = NO;
				DEBUG_INFORMATION_FORMAT = "dwarf-with-dsym";
				ENABLE_NS_ASSERTIONS = NO;
				ENABLE_STRICT_OBJC_MSGSEND = YES;
				GCC_C_LANGUAGE_STANDARD = gnu11;
				GCC_NO_COMMON_BLOCKS = YES;
				GCC_WARN_64_TO_32_BIT_CONVERSION = YES;
				GCC_WARN_ABOUT_RETURN_TYPE = YES_ERROR;
				GCC_WARN_UNDECLARED_SELECTOR = YES;
				GCC_WARN_UNINITIALIZED_AUTOS = YES_AGGRESSIVE;
				GCC_WARN_UNUSED_FUNCTION = YES;
				GCC_WARN_UNUSED_VARIABLE = YES;
				IPHONEOS_DEPLOYMENT_TARGET = 15.0;
				MTL_ENABLE_DEBUG_INFO = NO;
				MTL_FAST_MATH = YES;
				SDKROOT = iphoneos;
				SWIFT_COMPILATION_MODE = wholemodule;
				SWIFT_OPTIMIZATION_LEVEL = "-O";
				VALIDATE_PRODUCT = YES;
			};
			name = Release;
		};
		FBA7E93427171F7400F6C4A5 /* Debug */ = {
			isa = XCBuildConfiguration;
			buildSettings = {
				ASSETCATALOG_COMPILER_APPICON_NAME = AppIcon;
				ASSETCATALOG_COMPILER_GLOBAL_ACCENT_COLOR_NAME = AccentColor;
				CODE_SIGN_STYLE = Automatic;
				CURRENT_PROJECT_VERSION = 1;
				DEVELOPMENT_ASSET_PATHS = "\"iChooseProva/Preview Content\"";
				DEVELOPMENT_TEAM = G88N4V9854;
				ENABLE_PREVIEWS = YES;
				GENERATE_INFOPLIST_FILE = YES;
				INFOPLIST_KEY_UIApplicationSceneManifest_Generation = YES;
				INFOPLIST_KEY_UIApplicationSupportsIndirectInputEvents = YES;
				INFOPLIST_KEY_UILaunchScreen_Generation = YES;
				INFOPLIST_KEY_UISupportedInterfaceOrientations_iPad = "UIInterfaceOrientationPortrait UIInterfaceOrientationPortraitUpsideDown UIInterfaceOrientationLandscapeLeft UIInterfaceOrientationLandscapeRight";
				INFOPLIST_KEY_UISupportedInterfaceOrientations_iPhone = "UIInterfaceOrientationPortrait UIInterfaceOrientationLandscapeLeft UIInterfaceOrientationLandscapeRight";
				IPHONEOS_DEPLOYMENT_TARGET = 15.0;
				LD_RUNPATH_SEARCH_PATHS = (
					"$(inherited)",
					"@executable_path/Frameworks",
				);
				MARKETING_VERSION = 1.0;
				PRODUCT_BUNDLE_IDENTIFIER = notdefine.iChooseProva;
				PRODUCT_NAME = "$(TARGET_NAME)";
				SWIFT_EMIT_LOC_STRINGS = YES;
				SWIFT_VERSION = 5.0;
				TARGETED_DEVICE_FAMILY = "1,2";
			};
			name = Debug;
		};
		FBA7E93527171F7400F6C4A5 /* Release */ = {
			isa = XCBuildConfiguration;
			buildSettings = {
				ASSETCATALOG_COMPILER_APPICON_NAME = AppIcon;
				ASSETCATALOG_COMPILER_GLOBAL_ACCENT_COLOR_NAME = AccentColor;
				CODE_SIGN_STYLE = Automatic;
				CURRENT_PROJECT_VERSION = 1;
				DEVELOPMENT_ASSET_PATHS = "\"iChooseProva/Preview Content\"";
				DEVELOPMENT_TEAM = G88N4V9854;
				ENABLE_PREVIEWS = YES;
				GENERATE_INFOPLIST_FILE = YES;
				INFOPLIST_KEY_UIApplicationSceneManifest_Generation = YES;
				INFOPLIST_KEY_UIApplicationSupportsIndirectInputEvents = YES;
				INFOPLIST_KEY_UILaunchScreen_Generation = YES;
				INFOPLIST_KEY_UISupportedInterfaceOrientations_iPad = "UIInterfaceOrientationPortrait UIInterfaceOrientationPortraitUpsideDown UIInterfaceOrientationLandscapeLeft UIInterfaceOrientationLandscapeRight";
				INFOPLIST_KEY_UISupportedInterfaceOrientations_iPhone = "UIInterfaceOrientationPortrait UIInterfaceOrientationLandscapeLeft UIInterfaceOrientationLandscapeRight";
				IPHONEOS_DEPLOYMENT_TARGET = 15.0;
				LD_RUNPATH_SEARCH_PATHS = (
					"$(inherited)",
					"@executable_path/Frameworks",
				);
				MARKETING_VERSION = 1.0;
				PRODUCT_BUNDLE_IDENTIFIER = notdefine.iChooseProva;
				PRODUCT_NAME = "$(TARGET_NAME)";
				SWIFT_EMIT_LOC_STRINGS = YES;
				SWIFT_VERSION = 5.0;
				TARGETED_DEVICE_FAMILY = "1,2";
			};
			name = Release;
		};
/* End XCBuildConfiguration section */

/* Begin XCConfigurationList section */
		FBA7E92027171F7200F6C4A5 /* Build configuration list for PBXProject "iChooseProva" */ = {
			isa = XCConfigurationList;
			buildConfigurations = (
				FBA7E93127171F7400F6C4A5 /* Debug */,
				FBA7E93227171F7400F6C4A5 /* Release */,
			);
			defaultConfigurationIsVisible = 0;
			defaultConfigurationName = Release;
		};
		FBA7E93327171F7400F6C4A5 /* Build configuration list for PBXNativeTarget "iChooseProva" */ = {
			isa = XCConfigurationList;
			buildConfigurations = (
				FBA7E93427171F7400F6C4A5 /* Debug */,
				FBA7E93527171F7400F6C4A5 /* Release */,
			);
			defaultConfigurationIsVisible = 0;
			defaultConfigurationName = Release;
		};
/* End XCConfigurationList section */
	};
	rootObject = FBA7E91D27171F7200F6C4A5 /* Project object */;
}
